
Microsoft Visual Studio Solution File, Format Version 12.00
# Visual Studio Version 17
VisualStudioVersion = 17.9.34728.123
MinimumVisualStudioVersion = 10.0.40219.1
Project("{FAE04EC0-301F-11D3-BF4B-00C04F79EFBC}") = "StructuralPatterns", "StructuralPatterns\StructuralPatterns.csproj", "{3264D948-032F-4D2F-93D0-495C3D9E520C}"
EndProject
Global
	GlobalSection(SolutionConfigurationPlatforms) = preSolution
		Debug|Any CPU = Debug|Any CPU
		Release|Any CPU = Release|Any CPU
	EndGlobalSection
	GlobalSection(ProjectConfigurationPlatforms) = postSolution
		{3264D948-032F-4D2F-93D0-495C3D9E520C}.Debug|Any CPU.ActiveCfg = Debug|Any CPU
		{3264D948-032F-4D2F-93D0-495C3D9E520C}.Debug|Any CPU.Build.0 = Debug|Any CPU
		{3264D948-032F-4D2F-93D0-495C3D9E520C}.Release|Any CPU.ActiveCfg = Release|Any CPU
		{3264D948-032F-4D2F-93D0-495C3D9E520C}.Release|Any CPU.Build.0 = Release|Any CPU
	EndGlobalSection
	GlobalSection(SolutionProperties) = preSolution
		HideSolutionNode = FALSE
	EndGlobalSection
	GlobalSection(ExtensibilityGlobals) = postSolution
		SolutionGuid = {A9132662-B021-464A-810C-461E6EB81EF9}
	EndGlobalSection
EndGlobal
